
Microsoft Visual Studio Solution File, Format Version 12.00
# Visual Studio Version 17
VisualStudioVersion = 17.5.2.0
MinimumVisualStudioVersion = 10.0.40219.1
Project("{2150E333-8FDC-42A3-9474-1A3956D46DE8}") = "src", "src", "{827E0CD3-B72D-47B6-A68D-7590B98EB39B}"
EndProject
Project("{2150E333-8FDC-42A3-9474-1A3956D46DE8}") = "console", "console", "{B9771273-07CE-CBBE-F99B-17C1826E8D01}"
EndProject
Project("{FAE04EC0-301F-11D3-BF4B-00C04F79EFBC}") = "Launcher", "src\console\Launcher\Launcher.csproj", "{4A4A1630-FEB1-DD18-C6AC-BFD83C6E832B}"
EndProject
Project("{2150E333-8FDC-42A3-9474-1A3956D46DE8}") = "api", "api", "{81034408-37C8-1011-444E-4C15C2FADA8E}"
EndProject
Project("{2150E333-8FDC-42A3-9474-1A3956D46DE8}") = "Apps", "Apps", "{3F061570-62B2-F2FC-68EF-F9A1805744B3}"
EndProject
Project("{FAE04EC0-301F-11D3-BF4B-00C04F79EFBC}") = "HelloWorld", "src\api\Apps\HelloWorld\HelloWorld.csproj", "{97210C4B-81DA-1F3F-6224-5B1D05FD7851}"
EndProject
Project("{FAE04EC0-301F-11D3-BF4B-00C04F79EFBC}") = "TaskManager", "src\api\Apps\TaskManager\TaskManager.csproj", "{05583A9B-8CE5-5007-653D-14B58A6E5F6D}"
EndProject
Project("{FAE04EC0-301F-11D3-BF4B-00C04F79EFBC}") = "MinimalApi", "src\api\Apps\MinimalApi\MinimalApi.csproj", "{0D174F25-3346-F477-0E3F-D18C1BA42CB6}"
EndProject
Project("{2150E333-8FDC-42A3-9474-1A3956D46DE8}") = "Apps", "Apps", "{0559F0A9-2E68-C542-049B-785598543F17}"
EndProject
Project("{FAE04EC0-301F-11D3-BF4B-00C04F79EFBC}") = "HelloWorld", "src\console\Apps\HelloWorld\HelloWorld.csproj", "{56A89EFD-0DE2-DDE8-FFC9-0C46E550AA3A}"
EndProject
Project("{FAE04EC0-301F-11D3-BF4B-00C04F79EFBC}") = "Calculator", "src\console\Apps\Calculator\Calculator.csproj", "{2E1EC560-C21C-F421-AA5D-7AE141162BAB}"
EndProject
Project("{FAE04EC0-301F-11D3-BF4B-00C04F79EFBC}") = "File", "src\console\Apps\File\File.csproj", "{2C5DBB56-FFFB-5EAE-0AFC-5CCD0A04013A}"
EndProject
Project("{FAE04EC0-301F-11D3-BF4B-00C04F79EFBC}") = "Classes", "src\console\Apps\Classes\Classes.csproj", "{997A2BDD-93BD-86D3-A00C-8711975D5411}"
EndProject
Project("{FAE04EC0-301F-11D3-BF4B-00C04F79EFBC}") = "Examples", "src\console\Apps\Examples\Examples.csproj", "{3F7AD211-73F1-79B0-0AAE-A312F1347CE6}"
EndProject
Project("{FAE04EC0-301F-11D3-BF4B-00C04F79EFBC}") = "Loops", "src\console\Apps\Loops\Loops.csproj", "{1150A5B5-4D7B-7D4F-F71C-C3668114F38E}"
EndProject
Project("{FAE04EC0-301F-11D3-BF4B-00C04F79EFBC}") = "Agenda", "src\console\Apps\Agenda\Agenda.csproj", "{C0B22BD6-11F4-C999-93DA-B13DD41407FE}"
EndProject
Project("{FAE04EC0-301F-11D3-BF4B-00C04F79EFBC}") = "HelpDesk", "src\console\Apps\HelpDesk\HelpDesk.csproj", "{AC7C7C12-CA5A-1167-8A0F-EF77EEC47ABE}"
EndProject
Project("{2150E333-8FDC-42A3-9474-1A3956D46DE8}") = "Looping", "Looping", "{147463FF-837A-2C16-FE6A-5334BC8CE2DE}"
EndProject
Project("{FAE04EC0-301F-11D3-BF4B-00C04F79EFBC}") = "Starter", "src\console\Apps\Looping\Starter\Starter.csproj", "{A2DB15AD-47AF-FE25-DBF9-6A158B203F69}"
EndProject
Project("{FAE04EC0-301F-11D3-BF4B-00C04F79EFBC}") = "Final", "src\console\Apps\Looping\Final\Final.csproj", "{D4453E83-2ED1-FA6B-7767-3460FA0C1625}"
EndProject
Project("{2150E333-8FDC-42A3-9474-1A3956D46DE8}") = "Foreach-if-array2", "Foreach-if-array2", "{A23002DD-D75D-1649-B2D2-00E55E029920}"
EndProject
Project("{FAE04EC0-301F-11D3-BF4B-00C04F79EFBC}") = "Starter", "src\console\Apps\Foreach-if-array2\Starter\Starter.csproj", "{13D97CB7-5D3B-B1EC-D926-ED0CE2A187F2}"
EndProject
Project("{FAE04EC0-301F-11D3-BF4B-00C04F79EFBC}") = "Final", "src\console\Apps\Foreach-if-array2\Final\Final.csproj", "{F3B5F245-11EC-F23C-7033-46A820BFF8EE}"
EndProject
Project("{2150E333-8FDC-42A3-9474-1A3956D46DE8}") = "Foreach-if-array", "Foreach-if-array", "{C1919E5D-384B-6B20-CA8E-524EF83D912B}"
EndProject
Project("{FAE04EC0-301F-11D3-BF4B-00C04F79EFBC}") = "Starter", "src\console\Apps\Foreach-if-array\Starter\Starter.csproj", "{32AF58B8-490B-9073-2942-D5E8A04C98AC}"
EndProject
Project("{FAE04EC0-301F-11D3-BF4B-00C04F79EFBC}") = "Final", "src\console\Apps\Foreach-if-array\Final\Final.csproj", "{43AA60D6-ECCC-55A3-215F-13DD44E2F0D1}"
EndProject
Global
	GlobalSection(SolutionConfigurationPlatforms) = preSolution
		Debug|Any CPU = Debug|Any CPU
		Debug|x64 = Debug|x64
		Debug|x86 = Debug|x86
		Release|Any CPU = Release|Any CPU
		Release|x64 = Release|x64
		Release|x86 = Release|x86
	EndGlobalSection
	GlobalSection(ProjectConfigurationPlatforms) = postSolution
		{4A4A1630-FEB1-DD18-C6AC-BFD83C6E832B}.Debug|Any CPU.ActiveCfg = Debug|Any CPU
		{4A4A1630-FEB1-DD18-C6AC-BFD83C6E832B}.Debug|Any CPU.Build.0 = Debug|Any CPU
		{4A4A1630-FEB1-DD18-C6AC-BFD83C6E832B}.Debug|x64.ActiveCfg = Debug|Any CPU
		{4A4A1630-FEB1-DD18-C6AC-BFD83C6E832B}.Debug|x64.Build.0 = Debug|Any CPU
		{4A4A1630-FEB1-DD18-C6AC-BFD83C6E832B}.Debug|x86.ActiveCfg = Debug|Any CPU
		{4A4A1630-FEB1-DD18-C6AC-BFD83C6E832B}.Debug|x86.Build.0 = Debug|Any CPU
		{4A4A1630-FEB1-DD18-C6AC-BFD83C6E832B}.Release|Any CPU.ActiveCfg = Release|Any CPU
		{4A4A1630-FEB1-DD18-C6AC-BFD83C6E832B}.Release|Any CPU.Build.0 = Release|Any CPU
		{4A4A1630-FEB1-DD18-C6AC-BFD83C6E832B}.Release|x64.ActiveCfg = Release|Any CPU
		{4A4A1630-FEB1-DD18-C6AC-BFD83C6E832B}.Release|x64.Build.0 = Release|Any CPU
		{4A4A1630-FEB1-DD18-C6AC-BFD83C6E832B}.Release|x86.ActiveCfg = Release|Any CPU
		{4A4A1630-FEB1-DD18-C6AC-BFD83C6E832B}.Release|x86.Build.0 = Release|Any CPU
		{97210C4B-81DA-1F3F-6224-5B1D05FD7851}.Debug|Any CPU.ActiveCfg = Debug|Any CPU
		{97210C4B-81DA-1F3F-6224-5B1D05FD7851}.Debug|Any CPU.Build.0 = Debug|Any CPU
		{97210C4B-81DA-1F3F-6224-5B1D05FD7851}.Debug|x64.ActiveCfg = Debug|Any CPU
		{97210C4B-81DA-1F3F-6224-5B1D05FD7851}.Debug|x64.Build.0 = Debug|Any CPU
		{97210C4B-81DA-1F3F-6224-5B1D05FD7851}.Debug|x86.ActiveCfg = Debug|Any CPU
		{97210C4B-81DA-1F3F-6224-5B1D05FD7851}.Debug|x86.Build.0 = Debug|Any CPU
		{97210C4B-81DA-1F3F-6224-5B1D05FD7851}.Release|Any CPU.ActiveCfg = Release|Any CPU
		{97210C4B-81DA-1F3F-6224-5B1D05FD7851}.Release|Any CPU.Build.0 = Release|Any CPU
		{97210C4B-81DA-1F3F-6224-5B1D05FD7851}.Release|x64.ActiveCfg = Release|Any CPU
		{97210C4B-81DA-1F3F-6224-5B1D05FD7851}.Release|x64.Build.0 = Release|Any CPU
		{97210C4B-81DA-1F3F-6224-5B1D05FD7851}.Release|x86.ActiveCfg = Release|Any CPU
		{97210C4B-81DA-1F3F-6224-5B1D05FD7851}.Release|x86.Build.0 = Release|Any CPU
		{05583A9B-8CE5-5007-653D-14B58A6E5F6D}.Debug|Any CPU.ActiveCfg = Debug|Any CPU
		{05583A9B-8CE5-5007-653D-14B58A6E5F6D}.Debug|Any CPU.Build.0 = Debug|Any CPU
		{05583A9B-8CE5-5007-653D-14B58A6E5F6D}.Debug|x64.ActiveCfg = Debug|Any CPU
		{05583A9B-8CE5-5007-653D-14B58A6E5F6D}.Debug|x64.Build.0 = Debug|Any CPU
		{05583A9B-8CE5-5007-653D-14B58A6E5F6D}.Debug|x86.ActiveCfg = Debug|Any CPU
		{05583A9B-8CE5-5007-653D-14B58A6E5F6D}.Debug|x86.Build.0 = Debug|Any CPU
		{05583A9B-8CE5-5007-653D-14B58A6E5F6D}.Release|Any CPU.ActiveCfg = Release|Any CPU
		{05583A9B-8CE5-5007-653D-14B58A6E5F6D}.Release|Any CPU.Build.0 = Release|Any CPU
		{05583A9B-8CE5-5007-653D-14B58A6E5F6D}.Release|x64.ActiveCfg = Release|Any CPU
		{05583A9B-8CE5-5007-653D-14B58A6E5F6D}.Release|x64.Build.0 = Release|Any CPU
		{05583A9B-8CE5-5007-653D-14B58A6E5F6D}.Release|x86.ActiveCfg = Release|Any CPU
		{05583A9B-8CE5-5007-653D-14B58A6E5F6D}.Release|x86.Build.0 = Release|Any CPU
		{0D174F25-3346-F477-0E3F-D18C1BA42CB6}.Debug|Any CPU.ActiveCfg = Debug|Any CPU
		{0D174F25-3346-F477-0E3F-D18C1BA42CB6}.Debug|Any CPU.Build.0 = Debug|Any CPU
		{0D174F25-3346-F477-0E3F-D18C1BA42CB6}.Debug|x64.ActiveCfg = Debug|Any CPU
		{0D174F25-3346-F477-0E3F-D18C1BA42CB6}.Debug|x64.Build.0 = Debug|Any CPU
		{0D174F25-3346-F477-0E3F-D18C1BA42CB6}.Debug|x86.ActiveCfg = Debug|Any CPU
		{0D174F25-3346-F477-0E3F-D18C1BA42CB6}.Debug|x86.Build.0 = Debug|Any CPU
		{0D174F25-3346-F477-0E3F-D18C1BA42CB6}.Release|Any CPU.ActiveCfg = Release|Any CPU
		{0D174F25-3346-F477-0E3F-D18C1BA42CB6}.Release|Any CPU.Build.0 = Release|Any CPU
		{0D174F25-3346-F477-0E3F-D18C1BA42CB6}.Release|x64.ActiveCfg = Release|Any CPU
		{0D174F25-3346-F477-0E3F-D18C1BA42CB6}.Release|x64.Build.0 = Release|Any CPU
		{0D174F25-3346-F477-0E3F-D18C1BA42CB6}.Release|x86.ActiveCfg = Release|Any CPU
		{0D174F25-3346-F477-0E3F-D18C1BA42CB6}.Release|x86.Build.0 = Release|Any CPU
		{56A89EFD-0DE2-DDE8-FFC9-0C46E550AA3A}.Debug|Any CPU.ActiveCfg = Debug|Any CPU
		{56A89EFD-0DE2-DDE8-FFC9-0C46E550AA3A}.Debug|Any CPU.Build.0 = Debug|Any CPU
		{56A89EFD-0DE2-DDE8-FFC9-0C46E550AA3A}.Debug|x64.ActiveCfg = Debug|Any CPU
		{56A89EFD-0DE2-DDE8-FFC9-0C46E550AA3A}.Debug|x64.Build.0 = Debug|Any CPU
		{56A89EFD-0DE2-DDE8-FFC9-0C46E550AA3A}.Debug|x86.ActiveCfg = Debug|Any CPU
		{56A89EFD-0DE2-DDE8-FFC9-0C46E550AA3A}.Debug|x86.Build.0 = Debug|Any CPU
		{56A89EFD-0DE2-DDE8-FFC9-0C46E550AA3A}.Release|Any CPU.ActiveCfg = Release|Any CPU
		{56A89EFD-0DE2-DDE8-FFC9-0C46E550AA3A}.Release|Any CPU.Build.0 = Release|Any CPU
		{56A89EFD-0DE2-DDE8-FFC9-0C46E550AA3A}.Release|x64.ActiveCfg = Release|Any CPU
		{56A89EFD-0DE2-DDE8-FFC9-0C46E550AA3A}.Release|x64.Build.0 = Release|Any CPU
		{56A89EFD-0DE2-DDE8-FFC9-0C46E550AA3A}.Release|x86.ActiveCfg = Release|Any CPU
		{56A89EFD-0DE2-DDE8-FFC9-0C46E550AA3A}.Release|x86.Build.0 = Release|Any CPU
		{2E1EC560-C21C-F421-AA5D-7AE141162BAB}.Debug|Any CPU.ActiveCfg = Debug|Any CPU
		{2E1EC560-C21C-F421-AA5D-7AE141162BAB}.Debug|Any CPU.Build.0 = Debug|Any CPU
		{2E1EC560-C21C-F421-AA5D-7AE141162BAB}.Debug|x64.ActiveCfg = Debug|Any CPU
		{2E1EC560-C21C-F421-AA5D-7AE141162BAB}.Debug|x64.Build.0 = Debug|Any CPU
		{2E1EC560-C21C-F421-AA5D-7AE141162BAB}.Debug|x86.ActiveCfg = Debug|Any CPU
		{2E1EC560-C21C-F421-AA5D-7AE141162BAB}.Debug|x86.Build.0 = Debug|Any CPU
		{2E1EC560-C21C-F421-AA5D-7AE141162BAB}.Release|Any CPU.ActiveCfg = Release|Any CPU
		{2E1EC560-C21C-F421-AA5D-7AE141162BAB}.Release|Any CPU.Build.0 = Release|Any CPU
		{2E1EC560-C21C-F421-AA5D-7AE141162BAB}.Release|x64.ActiveCfg = Release|Any CPU
		{2E1EC560-C21C-F421-AA5D-7AE141162BAB}.Release|x64.Build.0 = Release|Any CPU
		{2E1EC560-C21C-F421-AA5D-7AE141162BAB}.Release|x86.ActiveCfg = Release|Any CPU
		{2E1EC560-C21C-F421-AA5D-7AE141162BAB}.Release|x86.Build.0 = Release|Any CPU
		{2C5DBB56-FFFB-5EAE-0AFC-5CCD0A04013A}.Debug|Any CPU.ActiveCfg = Debug|Any CPU
		{2C5DBB56-FFFB-5EAE-0AFC-5CCD0A04013A}.Debug|Any CPU.Build.0 = Debug|Any CPU
		{2C5DBB56-FFFB-5EAE-0AFC-5CCD0A04013A}.Debug|x64.ActiveCfg = Debug|Any CPU
		{2C5DBB56-FFFB-5EAE-0AFC-5CCD0A04013A}.Debug|x64.Build.0 = Debug|Any CPU
		{2C5DBB56-FFFB-5EAE-0AFC-5CCD0A04013A}.Debug|x86.ActiveCfg = Debug|Any CPU
		{2C5DBB56-FFFB-5EAE-0AFC-5CCD0A04013A}.Debug|x86.Build.0 = Debug|Any CPU
		{2C5DBB56-FFFB-5EAE-0AFC-5CCD0A04013A}.Release|Any CPU.ActiveCfg = Release|Any CPU
		{2C5DBB56-FFFB-5EAE-0AFC-5CCD0A04013A}.Release|Any CPU.Build.0 = Release|Any CPU
		{2C5DBB56-FFFB-5EAE-0AFC-5CCD0A04013A}.Release|x64.ActiveCfg = Release|Any CPU
		{2C5DBB56-FFFB-5EAE-0AFC-5CCD0A04013A}.Release|x64.Build.0 = Release|Any CPU
		{2C5DBB56-FFFB-5EAE-0AFC-5CCD0A04013A}.Release|x86.ActiveCfg = Release|Any CPU
		{2C5DBB56-FFFB-5EAE-0AFC-5CCD0A04013A}.Release|x86.Build.0 = Release|Any CPU
		{997A2BDD-93BD-86D3-A00C-8711975D5411}.Debug|Any CPU.ActiveCfg = Debug|Any CPU
		{997A2BDD-93BD-86D3-A00C-8711975D5411}.Debug|Any CPU.Build.0 = Debug|Any CPU
		{997A2BDD-93BD-86D3-A00C-8711975D5411}.Debug|x64.ActiveCfg = Debug|Any CPU
		{997A2BDD-93BD-86D3-A00C-8711975D5411}.Debug|x64.Build.0 = Debug|Any CPU
		{997A2BDD-93BD-86D3-A00C-8711975D5411}.Debug|x86.ActiveCfg = Debug|Any CPU
		{997A2BDD-93BD-86D3-A00C-8711975D5411}.Debug|x86.Build.0 = Debug|Any CPU
		{997A2BDD-93BD-86D3-A00C-8711975D5411}.Release|Any CPU.ActiveCfg = Release|Any CPU
		{997A2BDD-93BD-86D3-A00C-8711975D5411}.Release|Any CPU.Build.0 = Release|Any CPU
		{997A2BDD-93BD-86D3-A00C-8711975D5411}.Release|x64.ActiveCfg = Release|Any CPU
		{997A2BDD-93BD-86D3-A00C-8711975D5411}.Release|x64.Build.0 = Release|Any CPU
		{997A2BDD-93BD-86D3-A00C-8711975D5411}.Release|x86.ActiveCfg = Release|Any CPU
		{997A2BDD-93BD-86D3-A00C-8711975D5411}.Release|x86.Build.0 = Release|Any CPU
		{3F7AD211-73F1-79B0-0AAE-A312F1347CE6}.Debug|Any CPU.ActiveCfg = Debug|Any CPU
		{3F7AD211-73F1-79B0-0AAE-A312F1347CE6}.Debug|Any CPU.Build.0 = Debug|Any CPU
		{3F7AD211-73F1-79B0-0AAE-A312F1347CE6}.Debug|x64.ActiveCfg = Debug|Any CPU
		{3F7AD211-73F1-79B0-0AAE-A312F1347CE6}.Debug|x64.Build.0 = Debug|Any CPU
		{3F7AD211-73F1-79B0-0AAE-A312F1347CE6}.Debug|x86.ActiveCfg = Debug|Any CPU
		{3F7AD211-73F1-79B0-0AAE-A312F1347CE6}.Debug|x86.Build.0 = Debug|Any CPU
		{3F7AD211-73F1-79B0-0AAE-A312F1347CE6}.Release|Any CPU.ActiveCfg = Release|Any CPU
		{3F7AD211-73F1-79B0-0AAE-A312F1347CE6}.Release|Any CPU.Build.0 = Release|Any CPU
		{3F7AD211-73F1-79B0-0AAE-A312F1347CE6}.Release|x64.ActiveCfg = Release|Any CPU
		{3F7AD211-73F1-79B0-0AAE-A312F1347CE6}.Release|x64.Build.0 = Release|Any CPU
		{3F7AD211-73F1-79B0-0AAE-A312F1347CE6}.Release|x86.ActiveCfg = Release|Any CPU
		{3F7AD211-73F1-79B0-0AAE-A312F1347CE6}.Release|x86.Build.0 = Release|Any CPU
		{1150A5B5-4D7B-7D4F-F71C-C3668114F38E}.Debug|Any CPU.ActiveCfg = Debug|Any CPU
		{1150A5B5-4D7B-7D4F-F71C-C3668114F38E}.Debug|Any CPU.Build.0 = Debug|Any CPU
		{1150A5B5-4D7B-7D4F-F71C-C3668114F38E}.Debug|x64.ActiveCfg = Debug|Any CPU
		{1150A5B5-4D7B-7D4F-F71C-C3668114F38E}.Debug|x64.Build.0 = Debug|Any CPU
		{1150A5B5-4D7B-7D4F-F71C-C3668114F38E}.Debug|x86.ActiveCfg = Debug|Any CPU
		{1150A5B5-4D7B-7D4F-F71C-C3668114F38E}.Debug|x86.Build.0 = Debug|Any CPU
		{1150A5B5-4D7B-7D4F-F71C-C3668114F38E}.Release|Any CPU.ActiveCfg = Release|Any CPU
		{1150A5B5-4D7B-7D4F-F71C-C3668114F38E}.Release|Any CPU.Build.0 = Release|Any CPU
		{1150A5B5-4D7B-7D4F-F71C-C3668114F38E}.Release|x64.ActiveCfg = Release|Any CPU
		{1150A5B5-4D7B-7D4F-F71C-C3668114F38E}.Release|x64.Build.0 = Release|Any CPU
		{1150A5B5-4D7B-7D4F-F71C-C3668114F38E}.Release|x86.ActiveCfg = Release|Any CPU
		{1150A5B5-4D7B-7D4F-F71C-C3668114F38E}.Release|x86.Build.0 = Release|Any CPU
		{C0B22BD6-11F4-C999-93DA-B13DD41407FE}.Debug|Any CPU.ActiveCfg = Debug|Any CPU
		{C0B22BD6-11F4-C999-93DA-B13DD41407FE}.Debug|Any CPU.Build.0 = Debug|Any CPU
		{C0B22BD6-11F4-C999-93DA-B13DD41407FE}.Debug|x64.ActiveCfg = Debug|Any CPU
		{C0B22BD6-11F4-C999-93DA-B13DD41407FE}.Debug|x64.Build.0 = Debug|Any CPU
		{C0B22BD6-11F4-C999-93DA-B13DD41407FE}.Debug|x86.ActiveCfg = Debug|Any CPU
		{C0B22BD6-11F4-C999-93DA-B13DD41407FE}.Debug|x86.Build.0 = Debug|Any CPU
		{C0B22BD6-11F4-C999-93DA-B13DD41407FE}.Release|Any CPU.ActiveCfg = Release|Any CPU
		{C0B22BD6-11F4-C999-93DA-B13DD41407FE}.Release|Any CPU.Build.0 = Release|Any CPU
		{C0B22BD6-11F4-C999-93DA-B13DD41407FE}.Release|x64.ActiveCfg = Release|Any CPU
		{C0B22BD6-11F4-C999-93DA-B13DD41407FE}.Release|x64.Build.0 = Release|Any CPU
		{C0B22BD6-11F4-C999-93DA-B13DD41407FE}.Release|x86.ActiveCfg = Release|Any CPU
		{C0B22BD6-11F4-C999-93DA-B13DD41407FE}.Release|x86.Build.0 = Release|Any CPU
		{AC7C7C12-CA5A-1167-8A0F-EF77EEC47ABE}.Debug|Any CPU.ActiveCfg = Debug|Any CPU
		{AC7C7C12-CA5A-1167-8A0F-EF77EEC47ABE}.Debug|Any CPU.Build.0 = Debug|Any CPU
		{AC7C7C12-CA5A-1167-8A0F-EF77EEC47ABE}.Debug|x64.ActiveCfg = Debug|Any CPU
		{AC7C7C12-CA5A-1167-8A0F-EF77EEC47ABE}.Debug|x64.Build.0 = Debug|Any CPU
		{AC7C7C12-CA5A-1167-8A0F-EF77EEC47ABE}.Debug|x86.ActiveCfg = Debug|Any CPU
		{AC7C7C12-CA5A-1167-8A0F-EF77EEC47ABE}.Debug|x86.Build.0 = Debug|Any CPU
		{AC7C7C12-CA5A-1167-8A0F-EF77EEC47ABE}.Release|Any CPU.ActiveCfg = Release|Any CPU
		{AC7C7C12-CA5A-1167-8A0F-EF77EEC47ABE}.Release|Any CPU.Build.0 = Release|Any CPU
		{AC7C7C12-CA5A-1167-8A0F-EF77EEC47ABE}.Release|x64.ActiveCfg = Release|Any CPU
		{AC7C7C12-CA5A-1167-8A0F-EF77EEC47ABE}.Release|x64.Build.0 = Release|Any CPU
		{AC7C7C12-CA5A-1167-8A0F-EF77EEC47ABE}.Release|x86.ActiveCfg = Release|Any CPU
		{AC7C7C12-CA5A-1167-8A0F-EF77EEC47ABE}.Release|x86.Build.0 = Release|Any CPU
		{A2DB15AD-47AF-FE25-DBF9-6A158B203F69}.Debug|Any CPU.ActiveCfg = Debug|Any CPU
		{A2DB15AD-47AF-FE25-DBF9-6A158B203F69}.Debug|Any CPU.Build.0 = Debug|Any CPU
		{A2DB15AD-47AF-FE25-DBF9-6A158B203F69}.Debug|x64.ActiveCfg = Debug|Any CPU
		{A2DB15AD-47AF-FE25-DBF9-6A158B203F69}.Debug|x64.Build.0 = Debug|Any CPU
		{A2DB15AD-47AF-FE25-DBF9-6A158B203F69}.Debug|x86.ActiveCfg = Debug|Any CPU
		{A2DB15AD-47AF-FE25-DBF9-6A158B203F69}.Debug|x86.Build.0 = Debug|Any CPU
		{A2DB15AD-47AF-FE25-DBF9-6A158B203F69}.Release|Any CPU.ActiveCfg = Release|Any CPU
		{A2DB15AD-47AF-FE25-DBF9-6A158B203F69}.Release|Any CPU.Build.0 = Release|Any CPU
		{A2DB15AD-47AF-FE25-DBF9-6A158B203F69}.Release|x64.ActiveCfg = Release|Any CPU
		{A2DB15AD-47AF-FE25-DBF9-6A158B203F69}.Release|x64.Build.0 = Release|Any CPU
		{A2DB15AD-47AF-FE25-DBF9-6A158B203F69}.Release|x86.ActiveCfg = Release|Any CPU
		{A2DB15AD-47AF-FE25-DBF9-6A158B203F69}.Release|x86.Build.0 = Release|Any CPU
		{D4453E83-2ED1-FA6B-7767-3460FA0C1625}.Debug|Any CPU.ActiveCfg = Debug|Any CPU
		{D4453E83-2ED1-FA6B-7767-3460FA0C1625}.Debug|Any CPU.Build.0 = Debug|Any CPU
		{D4453E83-2ED1-FA6B-7767-3460FA0C1625}.Debug|x64.ActiveCfg = Debug|Any CPU
		{D4453E83-2ED1-FA6B-7767-3460FA0C1625}.Debug|x64.Build.0 = Debug|Any CPU
		{D4453E83-2ED1-FA6B-7767-3460FA0C1625}.Debug|x86.ActiveCfg = Debug|Any CPU
		{D4453E83-2ED1-FA6B-7767-3460FA0C1625}.Debug|x86.Build.0 = Debug|Any CPU
		{D4453E83-2ED1-FA6B-7767-3460FA0C1625}.Release|Any CPU.ActiveCfg = Release|Any CPU
		{D4453E83-2ED1-FA6B-7767-3460FA0C1625}.Release|Any CPU.Build.0 = Release|Any CPU
		{D4453E83-2ED1-FA6B-7767-3460FA0C1625}.Release|x64.ActiveCfg = Release|Any CPU
		{D4453E83-2ED1-FA6B-7767-3460FA0C1625}.Release|x64.Build.0 = Release|Any CPU
		{D4453E83-2ED1-FA6B-7767-3460FA0C1625}.Release|x86.ActiveCfg = Release|Any CPU
		{D4453E83-2ED1-FA6B-7767-3460FA0C1625}.Release|x86.Build.0 = Release|Any CPU
		{13D97CB7-5D3B-B1EC-D926-ED0CE2A187F2}.Debug|Any CPU.ActiveCfg = Debug|Any CPU
		{13D97CB7-5D3B-B1EC-D926-ED0CE2A187F2}.Debug|Any CPU.Build.0 = Debug|Any CPU
		{13D97CB7-5D3B-B1EC-D926-ED0CE2A187F2}.Debug|x64.ActiveCfg = Debug|Any CPU
		{13D97CB7-5D3B-B1EC-D926-ED0CE2A187F2}.Debug|x64.Build.0 = Debug|Any CPU
		{13D97CB7-5D3B-B1EC-D926-ED0CE2A187F2}.Debug|x86.ActiveCfg = Debug|Any CPU
		{13D97CB7-5D3B-B1EC-D926-ED0CE2A187F2}.Debug|x86.Build.0 = Debug|Any CPU
		{13D97CB7-5D3B-B1EC-D926-ED0CE2A187F2}.Release|Any CPU.ActiveCfg = Release|Any CPU
		{13D97CB7-5D3B-B1EC-D926-ED0CE2A187F2}.Release|Any CPU.Build.0 = Release|Any CPU
		{13D97CB7-5D3B-B1EC-D926-ED0CE2A187F2}.Release|x64.ActiveCfg = Release|Any CPU
		{13D97CB7-5D3B-B1EC-D926-ED0CE2A187F2}.Release|x64.Build.0 = Release|Any CPU
		{13D97CB7-5D3B-B1EC-D926-ED0CE2A187F2}.Release|x86.ActiveCfg = Release|Any CPU
		{13D97CB7-5D3B-B1EC-D926-ED0CE2A187F2}.Release|x86.Build.0 = Release|Any CPU
		{F3B5F245-11EC-F23C-7033-46A820BFF8EE}.Debug|Any CPU.ActiveCfg = Debug|Any CPU
		{F3B5F245-11EC-F23C-7033-46A820BFF8EE}.Debug|Any CPU.Build.0 = Debug|Any CPU
		{F3B5F245-11EC-F23C-7033-46A820BFF8EE}.Debug|x64.ActiveCfg = Debug|Any CPU
		{F3B5F245-11EC-F23C-7033-46A820BFF8EE}.Debug|x64.Build.0 = Debug|Any CPU
		{F3B5F245-11EC-F23C-7033-46A820BFF8EE}.Debug|x86.ActiveCfg = Debug|Any CPU
		{F3B5F245-11EC-F23C-7033-46A820BFF8EE}.Debug|x86.Build.0 = Debug|Any CPU
		{F3B5F245-11EC-F23C-7033-46A820BFF8EE}.Release|Any CPU.ActiveCfg = Release|Any CPU
		{F3B5F245-11EC-F23C-7033-46A820BFF8EE}.Release|Any CPU.Build.0 = Release|Any CPU
		{F3B5F245-11EC-F23C-7033-46A820BFF8EE}.Release|x64.ActiveCfg = Release|Any CPU
		{F3B5F245-11EC-F23C-7033-46A820BFF8EE}.Release|x64.Build.0 = Release|Any CPU
		{F3B5F245-11EC-F23C-7033-46A820BFF8EE}.Release|x86.ActiveCfg = Release|Any CPU
		{F3B5F245-11EC-F23C-7033-46A820BFF8EE}.Release|x86.Build.0 = Release|Any CPU
		{32AF58B8-490B-9073-2942-D5E8A04C98AC}.Debug|Any CPU.ActiveCfg = Debug|Any CPU
		{32AF58B8-490B-9073-2942-D5E8A04C98AC}.Debug|Any CPU.Build.0 = Debug|Any CPU
		{32AF58B8-490B-9073-2942-D5E8A04C98AC}.Debug|x64.ActiveCfg = Debug|Any CPU
		{32AF58B8-490B-9073-2942-D5E8A04C98AC}.Debug|x64.Build.0 = Debug|Any CPU
		{32AF58B8-490B-9073-2942-D5E8A04C98AC}.Debug|x86.ActiveCfg = Debug|Any CPU
		{32AF58B8-490B-9073-2942-D5E8A04C98AC}.Debug|x86.Build.0 = Debug|Any CPU
		{32AF58B8-490B-9073-2942-D5E8A04C98AC}.Release|Any CPU.ActiveCfg = Release|Any CPU
		{32AF58B8-490B-9073-2942-D5E8A04C98AC}.Release|Any CPU.Build.0 = Release|Any CPU
		{32AF58B8-490B-9073-2942-D5E8A04C98AC}.Release|x64.ActiveCfg = Release|Any CPU
		{32AF58B8-490B-9073-2942-D5E8A04C98AC}.Release|x64.Build.0 = Release|Any CPU
		{32AF58B8-490B-9073-2942-D5E8A04C98AC}.Release|x86.ActiveCfg = Release|Any CPU
		{32AF58B8-490B-9073-2942-D5E8A04C98AC}.Release|x86.Build.0 = Release|Any CPU
		{43AA60D6-ECCC-55A3-215F-13DD44E2F0D1}.Debug|Any CPU.ActiveCfg = Debug|Any CPU
		{43AA60D6-ECCC-55A3-215F-13DD44E2F0D1}.Debug|Any CPU.Build.0 = Debug|Any CPU
		{43AA60D6-ECCC-55A3-215F-13DD44E2F0D1}.Debug|x64.ActiveCfg = Debug|Any CPU
		{43AA60D6-ECCC-55A3-215F-13DD44E2F0D1}.Debug|x64.Build.0 = Debug|Any CPU
		{43AA60D6-ECCC-55A3-215F-13DD44E2F0D1}.Debug|x86.ActiveCfg = Debug|Any CPU
		{43AA60D6-ECCC-55A3-215F-13DD44E2F0D1}.Debug|x86.Build.0 = Debug|Any CPU
		{43AA60D6-ECCC-55A3-215F-13DD44E2F0D1}.Release|Any CPU.ActiveCfg = Release|Any CPU
		{43AA60D6-ECCC-55A3-215F-13DD44E2F0D1}.Release|Any CPU.Build.0 = Release|Any CPU
		{43AA60D6-ECCC-55A3-215F-13DD44E2F0D1}.Release|x64.ActiveCfg = Release|Any CPU
		{43AA60D6-ECCC-55A3-215F-13DD44E2F0D1}.Release|x64.Build.0 = Release|Any CPU
		{43AA60D6-ECCC-55A3-215F-13DD44E2F0D1}.Release|x86.ActiveCfg = Release|Any CPU
		{43AA60D6-ECCC-55A3-215F-13DD44E2F0D1}.Release|x86.Build.0 = Release|Any CPU
	EndGlobalSection
	GlobalSection(SolutionProperties) = preSolution
		HideSolutionNode = FALSE
	EndGlobalSection
	GlobalSection(NestedProjects) = preSolution
		{B9771273-07CE-CBBE-F99B-17C1826E8D01} = {827E0CD3-B72D-47B6-A68D-7590B98EB39B}
		{4A4A1630-FEB1-DD18-C6AC-BFD83C6E832B} = {B9771273-07CE-CBBE-F99B-17C1826E8D01}
		{81034408-37C8-1011-444E-4C15C2FADA8E} = {827E0CD3-B72D-47B6-A68D-7590B98EB39B}
		{3F061570-62B2-F2FC-68EF-F9A1805744B3} = {81034408-37C8-1011-444E-4C15C2FADA8E}
		{97210C4B-81DA-1F3F-6224-5B1D05FD7851} = {3F061570-62B2-F2FC-68EF-F9A1805744B3}
		{05583A9B-8CE5-5007-653D-14B58A6E5F6D} = {3F061570-62B2-F2FC-68EF-F9A1805744B3}
		{0D174F25-3346-F477-0E3F-D18C1BA42CB6} = {3F061570-62B2-F2FC-68EF-F9A1805744B3}
		{0559F0A9-2E68-C542-049B-785598543F17} = {B9771273-07CE-CBBE-F99B-17C1826E8D01}
		{56A89EFD-0DE2-DDE8-FFC9-0C46E550AA3A} = {0559F0A9-2E68-C542-049B-785598543F17}
		{2E1EC560-C21C-F421-AA5D-7AE141162BAB} = {0559F0A9-2E68-C542-049B-785598543F17}
		{2C5DBB56-FFFB-5EAE-0AFC-5CCD0A04013A} = {0559F0A9-2E68-C542-049B-785598543F17}
		{997A2BDD-93BD-86D3-A00C-8711975D5411} = {0559F0A9-2E68-C542-049B-785598543F17}
		{3F7AD211-73F1-79B0-0AAE-A312F1347CE6} = {0559F0A9-2E68-C542-049B-785598543F17}
		{1150A5B5-4D7B-7D4F-F71C-C3668114F38E} = {0559F0A9-2E68-C542-049B-785598543F17}
		{C0B22BD6-11F4-C999-93DA-B13DD41407FE} = {0559F0A9-2E68-C542-049B-785598543F17}
		{AC7C7C12-CA5A-1167-8A0F-EF77EEC47ABE} = {0559F0A9-2E68-C542-049B-785598543F17}
		{147463FF-837A-2C16-FE6A-5334BC8CE2DE} = {0559F0A9-2E68-C542-049B-785598543F17}
		{A2DB15AD-47AF-FE25-DBF9-6A158B203F69} = {147463FF-837A-2C16-FE6A-5334BC8CE2DE}
		{D4453E83-2ED1-FA6B-7767-3460FA0C1625} = {147463FF-837A-2C16-FE6A-5334BC8CE2DE}
		{A23002DD-D75D-1649-B2D2-00E55E029920} = {0559F0A9-2E68-C542-049B-785598543F17}
		{13D97CB7-5D3B-B1EC-D926-ED0CE2A187F2} = {A23002DD-D75D-1649-B2D2-00E55E029920}
		{F3B5F245-11EC-F23C-7033-46A820BFF8EE} = {A23002DD-D75D-1649-B2D2-00E55E029920}
		{C1919E5D-384B-6B20-CA8E-524EF83D912B} = {0559F0A9-2E68-C542-049B-785598543F17}
		{32AF58B8-490B-9073-2942-D5E8A04C98AC} = {C1919E5D-384B-6B20-CA8E-524EF83D912B}
		{43AA60D6-ECCC-55A3-215F-13DD44E2F0D1} = {C1919E5D-384B-6B20-CA8E-524EF83D912B}
	EndGlobalSection
	GlobalSection(ExtensibilityGlobals) = postSolution
		SolutionGuid = {8D45E6F3-8929-4DE4-A275-A1146F015F90}
	EndGlobalSection
EndGlobal
